{
  "name": "prepros-project",
  "version": "1.0.0",
  "lockfileVersion": 1,
  "requires": true,
  "dependencies": {
    "bulma-scss": {
      "version": "0.9.3",
      "resolved": "https://registry.npmjs.org/bulma-scss/-/bulma-scss-0.9.3.tgz",
      "integrity": "sha512-36z/b1QMOVNTLJujEQkmytJVQnrixWuMLQx3UayWrLh3S3IR06Y8Q/zrDREB+Txe8M1wvHKuYiD/s7r2OTKYKg==",
      "dev": true
    }
  }
}
